
Microsoft Visual Studio Solution File, Format Version 12.00
# Visual Studio Version 16
VisualStudioVersion = 16.0.35130.168
MinimumVisualStudioVersion = 10.0.40219.1
Project("{FAE04EC0-301F-11D3-BF4B-00C04F79EFBC}") = "Sikayet", "Sikayet.csproj", "{F6AFDADC-4128-4C9B-8390-4BE44150E159}"
EndProject
Global
	GlobalSection(SolutionConfigurationPlatforms) = preSolution
		Debug|Any CPU = Debug|Any CPU
		Release|Any CPU = Release|Any CPU
	EndGlobalSection
	GlobalSection(ProjectConfigurationPlatforms) = postSolution
		{F6AFDADC-4128-4C9B-8390-4BE44150E159}.Debug|Any CPU.ActiveCfg = Debug|Any CPU
		{F6AFDADC-4128-4C9B-8390-4BE44150E159}.Debug|Any CPU.Build.0 = Debug|Any CPU
		{F6AFDADC-4128-4C9B-8390-4BE44150E159}.Release|Any CPU.ActiveCfg = Release|Any CPU
		{F6AFDADC-4128-4C9B-8390-4BE44150E159}.Release|Any CPU.Build.0 = Release|Any CPU
	EndGlobalSection
	GlobalSection(SolutionProperties) = preSolution
		HideSolutionNode = FALSE
	EndGlobalSection
	GlobalSection(ExtensibilityGlobals) = postSolution
		SolutionGuid = {22DAD338-AE47-455F-B1BC-7756F5C7B980}
	EndGlobalSection
EndGlobal
